
Microsoft Visual Studio Solution File, Format Version 12.00
# Visual Studio Version 17
VisualStudioVersion = 17.5.002.0
MinimumVisualStudioVersion = 10.0.40219.1
Project("{9A19103F-16F7-4668-BE54-9A1E7A4F7556}") = "api", "api\api.csproj", "{FB1F86A5-8571-4265-847A-EF9581C904A3}"
EndProject
Global
	GlobalSection(SolutionConfigurationPlatforms) = preSolution
		Debug|Any CPU = Debug|Any CPU
		Release|Any CPU = Release|Any CPU
	EndGlobalSection
	GlobalSection(ProjectConfigurationPlatforms) = postSolution
		{FB1F86A5-8571-4265-847A-EF9581C904A3}.Debug|Any CPU.ActiveCfg = Debug|Any CPU
		{FB1F86A5-8571-4265-847A-EF9581C904A3}.Debug|Any CPU.Build.0 = Debug|Any CPU
		{FB1F86A5-8571-4265-847A-EF9581C904A3}.Release|Any CPU.ActiveCfg = Release|Any CPU
		{FB1F86A5-8571-4265-847A-EF9581C904A3}.Release|Any CPU.Build.0 = Release|Any CPU
	EndGlobalSection
	GlobalSection(SolutionProperties) = preSolution
		HideSolutionNode = FALSE
	EndGlobalSection
	GlobalSection(ExtensibilityGlobals) = postSolution
		SolutionGuid = {C0B2CCC1-1896-460A-9C69-683D0AA2C978}
	EndGlobalSection
EndGlobal
